
Microsoft Visual Studio Solution File, Format Version 12.00
# Visual Studio Version 17
VisualStudioVersion = 17.7.34031.279
MinimumVisualStudioVersion = 10.0.40219.1
Project("{FAE04EC0-301F-11D3-BF4B-00C04F79EFBC}") = "ПР2", "ПР2\ПР2.csproj", "{202E8885-CFB7-4EFA-BB5C-2D8E94A4517C}"
EndProject
Global
	GlobalSection(SolutionConfigurationPlatforms) = preSolution
		Debug|Any CPU = Debug|Any CPU
		Release|Any CPU = Release|Any CPU
	EndGlobalSection
	GlobalSection(ProjectConfigurationPlatforms) = postSolution
		{202E8885-CFB7-4EFA-BB5C-2D8E94A4517C}.Debug|Any CPU.ActiveCfg = Debug|Any CPU
		{202E8885-CFB7-4EFA-BB5C-2D8E94A4517C}.Debug|Any CPU.Build.0 = Debug|Any CPU
		{202E8885-CFB7-4EFA-BB5C-2D8E94A4517C}.Release|Any CPU.ActiveCfg = Release|Any CPU
		{202E8885-CFB7-4EFA-BB5C-2D8E94A4517C}.Release|Any CPU.Build.0 = Release|Any CPU
	EndGlobalSection
	GlobalSection(SolutionProperties) = preSolution
		HideSolutionNode = FALSE
	EndGlobalSection
	GlobalSection(ExtensibilityGlobals) = postSolution
		SolutionGuid = {4E467375-4246-40FC-9410-D9B7B718F904}
	EndGlobalSection
EndGlobal
